
Microsoft Visual Studio Solution File, Format Version 12.00
# Visual Studio Version 17
VisualStudioVersion = 17.4.33213.308
MinimumVisualStudioVersion = 10.0.40219.1
Project("{9A19103F-16F7-4668-BE54-9A1E7A4F7556}") = "CleanCodeLabb", "CleanCodeLabb\CleanCodeLabb.csproj", "{A33C41D3-7C48-483D-986F-9579AD2DC5F5}"
EndProject
Project("{FAE04EC0-301F-11D3-BF4B-00C04F79EFBC}") = "UnitTestsCleanCodeLabb", "UnitTestsCleanCodeLabb\UnitTestsCleanCodeLabb.csproj", "{70A6554C-1705-4B62-BF8A-649BAE7BF2A3}"
EndProject
Global
	GlobalSection(SolutionConfigurationPlatforms) = preSolution
		Debug|Any CPU = Debug|Any CPU
		Release|Any CPU = Release|Any CPU
	EndGlobalSection
	GlobalSection(ProjectConfigurationPlatforms) = postSolution
		{A33C41D3-7C48-483D-986F-9579AD2DC5F5}.Debug|Any CPU.ActiveCfg = Debug|Any CPU
		{A33C41D3-7C48-483D-986F-9579AD2DC5F5}.Debug|Any CPU.Build.0 = Debug|Any CPU
		{A33C41D3-7C48-483D-986F-9579AD2DC5F5}.Release|Any CPU.ActiveCfg = Release|Any CPU
		{A33C41D3-7C48-483D-986F-9579AD2DC5F5}.Release|Any CPU.Build.0 = Release|Any CPU
		{70A6554C-1705-4B62-BF8A-649BAE7BF2A3}.Debug|Any CPU.ActiveCfg = Debug|Any CPU
		{70A6554C-1705-4B62-BF8A-649BAE7BF2A3}.Debug|Any CPU.Build.0 = Debug|Any CPU
		{70A6554C-1705-4B62-BF8A-649BAE7BF2A3}.Release|Any CPU.ActiveCfg = Release|Any CPU
		{70A6554C-1705-4B62-BF8A-649BAE7BF2A3}.Release|Any CPU.Build.0 = Release|Any CPU
	EndGlobalSection
	GlobalSection(SolutionProperties) = preSolution
		HideSolutionNode = FALSE
	EndGlobalSection
	GlobalSection(ExtensibilityGlobals) = postSolution
		SolutionGuid = {A5E13E46-ADBC-4CED-895F-6D2D788EE151}
	EndGlobalSection
EndGlobal
